
Microsoft Visual Studio Solution File, Format Version 12.00
# Visual Studio Version 16
VisualStudioVersion = 16.0.30523.141
MinimumVisualStudioVersion = 10.0.40219.1
Project("{FAE04EC0-301F-11D3-BF4B-00C04F79EFBC}") = "CalcoloDimensioniImmagine", "byte\CalcoloDimensioniImmagine.csproj", "{A28C4324-0C83-409A-A51C-6E3770DF5778}"
EndProject
Global
	GlobalSection(SolutionConfigurationPlatforms) = preSolution
		Debug|Any CPU = Debug|Any CPU
		Release|Any CPU = Release|Any CPU
	EndGlobalSection
	GlobalSection(ProjectConfigurationPlatforms) = postSolution
		{A28C4324-0C83-409A-A51C-6E3770DF5778}.Debug|Any CPU.ActiveCfg = Debug|Any CPU
		{A28C4324-0C83-409A-A51C-6E3770DF5778}.Debug|Any CPU.Build.0 = Debug|Any CPU
		{A28C4324-0C83-409A-A51C-6E3770DF5778}.Release|Any CPU.ActiveCfg = Release|Any CPU
		{A28C4324-0C83-409A-A51C-6E3770DF5778}.Release|Any CPU.Build.0 = Release|Any CPU
	EndGlobalSection
	GlobalSection(SolutionProperties) = preSolution
		HideSolutionNode = FALSE
	EndGlobalSection
	GlobalSection(ExtensibilityGlobals) = postSolution
		SolutionGuid = {A99270A1-0872-4ACB-95E5-F0123BCD6063}
	EndGlobalSection
EndGlobal
